[{<<"common">>,
  {git,"https://github.com/joq62/common.git",
       {ref,"374102abdbaebf9060d5850a4dd5859626ae3ba8"}},
  0},
 {<<"config">>,
  {git,"https://github.com/joq62/config.git",
       {ref,"f27eeaf626b1c1d3c8e4f5327c374723eae9371f"}},
  0},
 {<<"etcd">>,
  {git,"https://github.com/joq62/etcd.git",
       {ref,"f2853e172bbaa6f45af7901ca00ff37d9a288853"}},
  0},
 {<<"sd">>,
  {git,"https://github.com/joq62/sd.git",
       {ref,"4bb4d3b96ab8a97164fa861c67eeb9b45d00179a"}},
  0}].
